// !$*UTF8*$!
{
	archiveVersion = 1;
	classes = {
	};
	objectVersion = 42;
	objects = {

/* Begin PBXBuildFile section */
		6339DBCC0BC82974004B1797 /* CocoaUIController.m in Sources */ = {isa = PBXBuildFile; fileRef = 6339DBCB0BC82974004B1797 /* CocoaUIController.m */; };
		6339DC110BC83450004B1797 /* odalaunch.png in Resources */ = {isa = PBXBuildFile; fileRef = 6339DC100BC83450004B1797 /* odalaunch.png */; };
		6339DC130BC83495004B1797 /* btnrefresh.png in Resources */ = {isa = PBXBuildFile; fileRef = 6339DC120BC83495004B1797 /* btnrefresh.png */; };
		6339DC150BC834A3004B1797 /* btnrefreshall.png in Resources */ = {isa = PBXBuildFile; fileRef = 6339DC140BC834A3004B1797 /* btnrefreshall.png */; };
		6339DC170BC834AA004B1797 /* btnlist.png in Resources */ = {isa = PBXBuildFile; fileRef = 6339DC160BC834AA004B1797 /* btnlist.png */; };
		6339DC190BC834B6004B1797 /* btnsettings.png in Resources */ = {isa = PBXBuildFile; fileRef = 6339DC180BC834B6004B1797 /* btnsettings.png */; };
		6339DC1B0BC834BF004B1797 /* btnhelp.png in Resources */ = {isa = PBXBuildFile; fileRef = 6339DC1A0BC834BF004B1797 /* btnhelp.png */; };
		6339DC1D0BC834CC004B1797 /* btnexit.png in Resources */ = {isa = PBXBuildFile; fileRef = 6339DC1C0BC834CC004B1797 /* btnexit.png */; };
		8D11072A0486CEB800E47090 /* MainMenu.nib in Resources */ = {isa = PBXBuildFile; fileRef = 29B97318FDCFA39411CA2CEA /* MainMenu.nib */; };
		8D11072B0486CEB800E47090 /* InfoPlist.strings in Resources */ = {isa = PBXBuildFile; fileRef = 089C165CFE840E0CC02AAC07 /* InfoPlist.strings */; };
		8D11072D0486CEB800E47090 /* main.m in Sources */ = {isa = PBXBuildFile; fileRef = 29B97316FDCFA39411CA2CEA /* main.m */; settings = {ATTRIBUTES = (); }; };
		8D11072F0486CEB800E47090 /* Cocoa.framework in Frameworks */ = {isa = PBXBuildFile; fileRef = 1058C7A1FEA54F0111CA2CBB /* Cocoa.framework */; };
		921FA57C0BC92C5B00D8A6BA /* i_net.cpp in Sources */ = {isa = PBXBuildFile; fileRef = 921FA57A0BC92C5B00D8A6BA /* i_net.cpp */; };
/* End PBXBuildFile section */

/* Begin PBXFileReference section */
		089C165DFE840E0CC02AAC07 /* English */ = {isa = PBXFileReference; fileEncoding = 10; lastKnownFileType = text.plist.strings; name = English; path = English.lproj/InfoPlist.strings; sourceTree = "<group>"; };
		1058C7A1FEA54F0111CA2CBB /* Cocoa.framework */ = {isa = PBXFileReference; lastKnownFileType = wrapper.framework; name = Cocoa.framework; path = /System/Library/Frameworks/Cocoa.framework; sourceTree = "<absolute>"; };
		13E42FB307B3F0F600E4EEF1 /* CoreData.framework */ = {isa = PBXFileReference; lastKnownFileType = wrapper.framework; name = CoreData.framework; path = /System/Library/Frameworks/CoreData.framework; sourceTree = "<absolute>"; };
		29B97316FDCFA39411CA2CEA /* main.m */ = {isa = PBXFileReference; fileEncoding = 4; lastKnownFileType = sourcecode.c.objc; path = main.m; sourceTree = "<group>"; };
		29B97319FDCFA39411CA2CEA /* English */ = {isa = PBXFileReference; lastKnownFileType = wrapper.nib; name = English; path = English.lproj/MainMenu.nib; sourceTree = "<group>"; };
		29B97324FDCFA39411CA2CEA /* AppKit.framework */ = {isa = PBXFileReference; lastKnownFileType = wrapper.framework; name = AppKit.framework; path = /System/Library/Frameworks/AppKit.framework; sourceTree = "<absolute>"; };
		29B97325FDCFA39411CA2CEA /* Foundation.framework */ = {isa = PBXFileReference; lastKnownFileType = wrapper.framework; name = Foundation.framework; path = /System/Library/Frameworks/Foundation.framework; sourceTree = "<absolute>"; };
		32CA4F630368D1EE00C91783 /* Cocoa UI_Prefix.pch */ = {isa = PBXFileReference; fileEncoding = 4; lastKnownFileType = sourcecode.c.h; path = "Cocoa UI_Prefix.pch"; sourceTree = "<group>"; };
		6339DBCA0BC82974004B1797 /* CocoaUIController.h */ = {isa = PBXFileReference; fileEncoding = 30; lastKnownFileType = sourcecode.c.h; path = CocoaUIController.h; sourceTree = "<group>"; };
		6339DBCB0BC82974004B1797 /* CocoaUIController.m */ = {isa = PBXFileReference; explicitFileType = sourcecode.cpp.objcpp; fileEncoding = 30; path = CocoaUIController.m; sourceTree = "<group>"; };
		6339DC100BC83450004B1797 /* odalaunch.png */ = {isa = PBXFileReference; lastKnownFileType = image.png; name = odalaunch.png; path = res/odalaunch.png; sourceTree = SOURCE_ROOT; };
		6339DC120BC83495004B1797 /* btnrefresh.png */ = {isa = PBXFileReference; lastKnownFileType = image.png; name = btnrefresh.png; path = res/btnrefresh.png; sourceTree = "<group>"; };
		6339DC140BC834A3004B1797 /* btnrefreshall.png */ = {isa = PBXFileReference; lastKnownFileType = image.png; name = btnrefreshall.png; path = res/btnrefreshall.png; sourceTree = "<group>"; };
		6339DC160BC834AA004B1797 /* btnlist.png */ = {isa = PBXFileReference; lastKnownFileType = image.png; name = btnlist.png; path = res/btnlist.png; sourceTree = "<group>"; };
		6339DC180BC834B6004B1797 /* btnsettings.png */ = {isa = PBXFileReference; lastKnownFileType = image.png; name = btnsettings.png; path = res/btnsettings.png; sourceTree = "<group>"; };
		6339DC1A0BC834BF004B1797 /* btnhelp.png */ = {isa = PBXFileReference; lastKnownFileType = image.png; name = btnhelp.png; path = res/btnhelp.png; sourceTree = "<group>"; };
		6339DC1C0BC834CC004B1797 /* btnexit.png */ = {isa = PBXFileReference; lastKnownFileType = image.png; name = btnexit.png; path = res/btnexit.png; sourceTree = "<group>"; };
		8D1107310486CEB800E47090 /* Info.plist */ = {isa = PBXFileReference; fileEncoding = 4; lastKnownFileType = text.plist; path = Info.plist; sourceTree = "<group>"; };
		8D1107320486CEB800E47090 /* osxlaunch.app */ = {isa = PBXFileReference; explicitFileType = wrapper.application; includeInIndex = 0; path = osxlaunch.app; sourceTree = BUILT_PRODUCTS_DIR; };
		921FA57A0BC92C5B00D8A6BA /* i_net.cpp */ = {isa = PBXFileReference; explicitFileType = sourcecode.cpp.cpp; fileEncoding = 30; path = i_net.cpp; sourceTree = "<group>"; };
		921FA57B0BC92C5B00D8A6BA /* i_net.h */ = {isa = PBXFileReference; fileEncoding = 30; lastKnownFileType = sourcecode.c.h; path = i_net.h; sourceTree = "<group>"; };
/* End PBXFileReference section */

/* Begin PBXFrameworksBuildPhase section */
		8D11072E0486CEB800E47090 /* Frameworks */ = {
			isa = PBXFrameworksBuildPhase;
			buildActionMask = 2147483647;
			files = (
				8D11072F0486CEB800E47090 /* Cocoa.framework in Frameworks */,
			);
			runOnlyForDeploymentPostprocessing = 0;
		};
/* End PBXFrameworksBuildPhase section */

/* Begin PBXGroup section */
		080E96DDFE201D6D7F000001 /* Classes */ = {
			isa = PBXGroup;
			children = (
			);
			name = Classes;
			sourceTree = "<group>";
		};
		1058C7A0FEA54F0111CA2CBB /* Linked Frameworks */ = {
			isa = PBXGroup;
			children = (
				1058C7A1FEA54F0111CA2CBB /* Cocoa.framework */,
			);
			name = "Linked Frameworks";
			sourceTree = "<group>";
		};
		1058C7A2FEA54F0111CA2CBB /* Other Frameworks */ = {
			isa = PBXGroup;
			children = (
				29B97324FDCFA39411CA2CEA /* AppKit.framework */,
				13E42FB307B3F0F600E4EEF1 /* CoreData.framework */,
				29B97325FDCFA39411CA2CEA /* Foundation.framework */,
			);
			name = "Other Frameworks";
			sourceTree = "<group>";
		};
		19C28FACFE9D520D11CA2CBB /* Products */ = {
			isa = PBXGroup;
			children = (
				8D1107320486CEB800E47090 /* osxlaunch.app */,
			);
			name = Products;
			sourceTree = "<group>";
		};
		29B97314FDCFA39411CA2CEA /* Cocoa UI */ = {
			isa = PBXGroup;
			children = (
				080E96DDFE201D6D7F000001 /* Classes */,
				29B97315FDCFA39411CA2CEA /* Other Sources */,
				29B97317FDCFA39411CA2CEA /* Resources */,
				29B97323FDCFA39411CA2CEA /* Frameworks */,
				19C28FACFE9D520D11CA2CBB /* Products */,
			);
			name = "Cocoa UI";
			sourceTree = "<group>";
		};
		29B97315FDCFA39411CA2CEA /* Other Sources */ = {
			isa = PBXGroup;
			children = (
				921FA57A0BC92C5B00D8A6BA /* i_net.cpp */,
				921FA57B0BC92C5B00D8A6BA /* i_net.h */,
				32CA4F630368D1EE00C91783 /* Cocoa UI_Prefix.pch */,
				29B97316FDCFA39411CA2CEA /* main.m */,
				6339DBCA0BC82974004B1797 /* CocoaUIController.h */,
				6339DBCB0BC82974004B1797 /* CocoaUIController.m */,
			);
			name = "Other Sources";
			sourceTree = "<group>";
		};
		29B97317FDCFA39411CA2CEA /* Resources */ = {
			isa = PBXGroup;
			children = (
				8D1107310486CEB800E47090 /* Info.plist */,
				089C165CFE840E0CC02AAC07 /* InfoPlist.strings */,
				29B97318FDCFA39411CA2CEA /* MainMenu.nib */,
				6339DC100BC83450004B1797 /* odalaunch.png */,
				6339DC120BC83495004B1797 /* btnrefresh.png */,
				6339DC140BC834A3004B1797 /* btnrefreshall.png */,
				6339DC160BC834AA004B1797 /* btnlist.png */,
				6339DC180BC834B6004B1797 /* btnsettings.png */,
				6339DC1A0BC834BF004B1797 /* btnhelp.png */,
				6339DC1C0BC834CC004B1797 /* btnexit.png */,
			);
			name = Resources;
			sourceTree = "<group>";
		};
		29B97323FDCFA39411CA2CEA /* Frameworks */ = {
			isa = PBXGroup;
			children = (
				1058C7A0FEA54F0111CA2CBB /* Linked Frameworks */,
				1058C7A2FEA54F0111CA2CBB /* Other Frameworks */,
			);
			name = Frameworks;
			sourceTree = "<group>";
		};
/* End PBXGroup section */

/* Begin PBXNativeTarget section */
		8D1107260486CEB800E47090 /* osxlaunch */ = {
			isa = PBXNativeTarget;
			buildConfigurationList = C01FCF4A08A954540054247B /* Build configuration list for PBXNativeTarget "osxlaunch" */;
			buildPhases = (
				8D1107290486CEB800E47090 /* Resources */,
				8D11072C0486CEB800E47090 /* Sources */,
				8D11072E0486CEB800E47090 /* Frameworks */,
			);
			buildRules = (
			);
			dependencies = (
			);
			name = osxlaunch;
			productInstallPath = "$(HOME)/Applications";
			productName = "Cocoa UI";
			productReference = 8D1107320486CEB800E47090 /* osxlaunch.app */;
			productType = "com.apple.product-type.application";
		};
/* End PBXNativeTarget section */

/* Begin PBXProject section */
		29B97313FDCFA39411CA2CEA /* Project object */ = {
			isa = PBXProject;
			buildConfigurationList = C01FCF4E08A954540054247B /* Build configuration list for PBXProject "osxlaunch" */;
			hasScannedForEncodings = 1;
			mainGroup = 29B97314FDCFA39411CA2CEA /* Cocoa UI */;
			projectDirPath = "";
			targets = (
				8D1107260486CEB800E47090 /* osxlaunch */,
			);
		};
/* End PBXProject section */

/* Begin PBXResourcesBuildPhase section */
		8D1107290486CEB800E47090 /* Resources */ = {
			isa = PBXResourcesBuildPhase;
			buildActionMask = 2147483647;
			files = (
				8D11072A0486CEB800E47090 /* MainMenu.nib in Resources */,
				8D11072B0486CEB800E47090 /* InfoPlist.strings in Resources */,
				6339DC110BC83450004B1797 /* odalaunch.png in Resources */,
				6339DC130BC83495004B1797 /* btnrefresh.png in Resources */,
				6339DC150BC834A3004B1797 /* btnrefreshall.png in Resources */,
				6339DC170BC834AA004B1797 /* btnlist.png in Resources */,
				6339DC190BC834B6004B1797 /* btnsettings.png in Resources */,
				6339DC1B0BC834BF004B1797 /* btnhelp.png in Resources */,
				6339DC1D0BC834CC004B1797 /* btnexit.png in Resources */,
			);
			runOnlyForDeploymentPostprocessing = 0;
		};
/* End PBXResourcesBuildPhase section */

/* Begin PBXSourcesBuildPhase section */
		8D11072C0486CEB800E47090 /* Sources */ = {
			isa = PBXSourcesBuildPhase;
			buildActionMask = 2147483647;
			files = (
				8D11072D0486CEB800E47090 /* main.m in Sources */,
				6339DBCC0BC82974004B1797 /* CocoaUIController.m in Sources */,
				921FA57C0BC92C5B00D8A6BA /* i_net.cpp in Sources */,
			);
			runOnlyForDeploymentPostprocessing = 0;
		};
/* End PBXSourcesBuildPhase section */

/* Begin PBXVariantGroup section */
		089C165CFE840E0CC02AAC07 /* InfoPlist.strings */ = {
			isa = PBXVariantGroup;
			children = (
				089C165DFE840E0CC02AAC07 /* English */,
			);
			name = InfoPlist.strings;
			sourceTree = "<group>";
		};
		29B97318FDCFA39411CA2CEA /* MainMenu.nib */ = {
			isa = PBXVariantGroup;
			children = (
				29B97319FDCFA39411CA2CEA /* English */,
			);
			name = MainMenu.nib;
			sourceTree = "<group>";
		};
/* End PBXVariantGroup section */

/* Begin XCBuildConfiguration section */
		C01FCF4B08A954540054247B /* Debug */ = {
			isa = XCBuildConfiguration;
			buildSettings = {
				COPY_PHASE_STRIP = NO;
				GCC_DYNAMIC_NO_PIC = NO;
				GCC_ENABLE_FIX_AND_CONTINUE = YES;
				GCC_MODEL_TUNING = G5;
				GCC_OPTIMIZATION_LEVEL = 0;
				INFOPLIST_FILE = Info.plist;
				INSTALL_PATH = "$(HOME)/Applications";
				PRODUCT_NAME = osxlaunch;
				WRAPPER_EXTENSION = app;
				ZERO_LINK = YES;
			};
			name = Debug;
		};
		C01FCF4C08A954540054247B /* Release */ = {
			isa = XCBuildConfiguration;
			buildSettings = {
				ARCHS = (
					ppc,
					i386,
				);
				GCC_GENERATE_DEBUGGING_SYMBOLS = NO;
				GCC_MODEL_TUNING = G5;
				INFOPLIST_FILE = Info.plist;
				INSTALL_PATH = "$(HOME)/Applications";
				PRODUCT_NAME = osxlaunch;
				WRAPPER_EXTENSION = app;
			};
			name = Release;
		};
		C01FCF4F08A954540054247B /* Debug */ = {
			isa = XCBuildConfiguration;
			buildSettings = {
				ARCHS = (
					i386,
					ppc,
				);
				GCC_WARN_ABOUT_RETURN_TYPE = YES;
				GCC_WARN_UNUSED_VARIABLE = YES;
				PREBINDING = NO;
				SDKROOT = /Developer/SDKs/MacOSX10.4u.sdk;
			};
			name = Debug;
		};
		C01FCF5008A954540054247B /* Release */ = {
			isa = XCBuildConfiguration;
			buildSettings = {
				ARCHS = (
					i386,
					ppc,
				);
				GCC_WARN_ABOUT_RETURN_TYPE = YES;
				GCC_WARN_UNUSED_VARIABLE = YES;
				PREBINDING = NO;
				SDKROOT = /Developer/SDKs/MacOSX10.4u.sdk;
			};
			name = Release;
		};
/* End XCBuildConfiguration section */

/* Begin XCConfigurationList section */
		C01FCF4A08A954540054247B /* Build configuration list for PBXNativeTarget "osxlaunch" */ = {
			isa = XCConfigurationList;
			buildConfigurations = (
				C01FCF4B08A954540054247B /* Debug */,
				C01FCF4C08A954540054247B /* Release */,
			);
			defaultConfigurationIsVisible = 0;
			defaultConfigurationName = Release;
		};
		C01FCF4E08A954540054247B /* Build configuration list for PBXProject "osxlaunch" */ = {
			isa = XCConfigurationList;
			buildConfigurations = (
				C01FCF4F08A954540054247B /* Debug */,
				C01FCF5008A954540054247B /* Release */,
			);
			defaultConfigurationIsVisible = 0;
			defaultConfigurationName = Release;
		};
/* End XCConfigurationList section */
	};
	rootObject = 29B97313FDCFA39411CA2CEA /* Project object */;
}
