
Microsoft Visual Studio Solution File, Format Version 10.00
# Visual C++ Express 2008
Project("{8BC9CEB8-8B4A-11D0-8D11-00A0C91BC942}") = "client", "client\sdl\odamex.vcproj", "{3F07CC84-6BF5-4422-A217-38688B733FCC}"
EndProject
Project("{8BC9CEB8-8B4A-11D0-8D11-00A0C91BC942}") = "server", "server\win32\odasrv.vcproj", "{EE4FF4B5-05AE-4E74-B380-BE0B1BDC1D28}"
EndProject
Project("{8BC9CEB8-8B4A-11D0-8D11-00A0C91BC942}") = "master", "master\odamaster.vcproj", "{50D77056-903C-4378-91A2-761DC745E234}"
EndProject
Global
	GlobalSection(SolutionConfigurationPlatforms) = preSolution
		Debug|Win32 = Debug|Win32
		Release|Win32 = Release|Win32
	EndGlobalSection
	GlobalSection(ProjectConfigurationPlatforms) = postSolution
		{3F07CC84-6BF5-4422-A217-38688B733FCC}.Debug|Win32.ActiveCfg = Debug|Win32
		{3F07CC84-6BF5-4422-A217-38688B733FCC}.Debug|Win32.Build.0 = Debug|Win32
		{3F07CC84-6BF5-4422-A217-38688B733FCC}.Release|Win32.ActiveCfg = Release|Win32
		{3F07CC84-6BF5-4422-A217-38688B733FCC}.Release|Win32.Build.0 = Release|Win32
		{EE4FF4B5-05AE-4E74-B380-BE0B1BDC1D28}.Debug|Win32.ActiveCfg = Debug|Win32
		{EE4FF4B5-05AE-4E74-B380-BE0B1BDC1D28}.Debug|Win32.Build.0 = Debug|Win32
		{EE4FF4B5-05AE-4E74-B380-BE0B1BDC1D28}.Release|Win32.ActiveCfg = Release|Win32
		{EE4FF4B5-05AE-4E74-B380-BE0B1BDC1D28}.Release|Win32.Build.0 = Release|Win32
		{50D77056-903C-4378-91A2-761DC745E234}.Debug|Win32.ActiveCfg = Debug|Win32
		{50D77056-903C-4378-91A2-761DC745E234}.Debug|Win32.Build.0 = Debug|Win32
		{50D77056-903C-4378-91A2-761DC745E234}.Release|Win32.ActiveCfg = Release|Win32
		{50D77056-903C-4378-91A2-761DC745E234}.Release|Win32.Build.0 = Release|Win32
	EndGlobalSection
	GlobalSection(SolutionProperties) = preSolution
		HideSolutionNode = FALSE
	EndGlobalSection
EndGlobal
