<?xml version="1.0" encoding="UTF-8" standalone="yes" ?>
<CodeBlocks_project_file>
	<FileVersion major="1" minor="6" />
	<Project>
		<Option title="launcher" />
		<Option default_target="Debug" />
		<Option compiler="gcc" />
		<Option virtualFolders="dialogs\;network\;" />
		<Build>
			<Target title="Win Release">
				<Option platforms="Windows;" />
				<Option output="..\bin\odalaunch.exe" prefix_auto="0" extension_auto="0" />
				<Option working_dir="..\bin" />
				<Option object_output="..\obj\odalaunch\release" />
				<Option type="0" />
				<Option compiler="gcc" />
				<Compiler>
					<Add option="-Os" />
					<Add option="-D__GNUWIN32__" />
					<Add option="-D__WXMSW__" />
					<Add option="-DHAVE_W32API_H" />
				</Compiler>
				<Linker>
					<Add option="-s" />
					<Add option="-lkernel32 -luser32 -lgdi32 -lcomdlg32 -lwinspool -lwinmm -lshell32 -lcomctl32 -lole32 -loleaut32 -luuid -lrpcrt4 -ladvapi32 -lwsock32" />
				</Linker>
				<Environment>
					<Variable name="WX_PLAT" value="msw" />
				</Environment>
			</Target>
			<Target title="Win Debug">
				<Option platforms="Windows;" />
				<Option output="..\bin\odalaunch-dbg.exe" prefix_auto="0" extension_auto="0" />
				<Option working_dir="..\bin" />
				<Option object_output="..\obj\odalaunch\debug" />
				<Option type="0" />
				<Option compiler="gcc" />
				<Compiler>
					<Add option="-Wall" />
					<Add option="-g" />
					<Add option="-D__GNUWIN32__" />
					<Add option="-D__WXMSW__" />
					<Add option="-DHAVE_W32API_H" />
					<Add option="-D__WXDEBUG__" />
				</Compiler>
				<Linker>
					<Add option="-lkernel32 -luser32 -lgdi32 -lcomdlg32 -lwinspool -lwinmm -lshell32 -lcomctl32 -lole32 -loleaut32 -luuid -lrpcrt4 -ladvapi32 -lwsock32" />
				</Linker>
				<Environment>
					<Variable name="WX_PLAT" value="msw" />
					<Variable name="WX_CFG" value="d" />
				</Environment>
			</Target>
			<Target title="Unix Release">
				<Option platforms="Unix;" />
				<Option output="..\bin\odalaunch" prefix_auto="0" extension_auto="0" />
				<Option working_dir="..\bin" />
				<Option object_output="..\obj\odalaunch\release" />
				<Option type="0" />
				<Option compiler="gcc" />
				<Compiler>
					<Add option="-Os" />
				</Compiler>
				<Linker>
					<Add option="-s" />
				</Linker>
				<Environment>
					<Variable name="WX_PLAT" value="unix" />
				</Environment>
			</Target>
			<Target title="Unix Debug">
				<Option platforms="Unix;" />
				<Option output="..\bin\odalaunch-dbg" prefix_auto="0" extension_auto="0" />
				<Option working_dir="..\bin" />
				<Option object_output="..\obj\odalaunch\debug" />
				<Option type="0" />
				<Option compiler="gcc" />
				<Compiler>
					<Add option="-Wall" />
					<Add option="-g" />
					<Add option="-D__WXDEBUG__" />
				</Compiler>
				<Environment>
					<Variable name="WX_CFG" value="d" />
					<Variable name="WX_PLAT" value="unix" />
				</Environment>
			</Target>
			<Target title="Mac Release">
				<Option platforms="Mac;" />
				<Option output="..\bin\odalaunch" prefix_auto="0" extension_auto="0" />
				<Option working_dir="..\bin" />
				<Option object_output="..\obj\odalaunch\release" />
				<Option type="0" />
				<Option compiler="gcc" />
				<Compiler>
					<Add option="-Os" />
				</Compiler>
				<Linker>
					<Add option="-s" />
				</Linker>
				<Environment>
					<Variable name="WX_PLAT" value="unix" />
				</Environment>
			</Target>
			<Target title="Mac Debug">
				<Option platforms="Mac;" />
				<Option output="..\bin\odalaunch-dbg" prefix_auto="0" extension_auto="0" />
				<Option working_dir="..\bin" />
				<Option object_output="..\obj\odalaunch\debug" />
				<Option type="0" />
				<Option compiler="gcc" />
				<Compiler>
					<Add option="-Wall" />
					<Add option="-g" />
					<Add option="-D__WXDEBUG__" />
				</Compiler>
				<Environment>
					<Variable name="WX_PLAT" value="unix" />
					<Variable name="WX_CFG" value="d" />
				</Environment>
			</Target>
			<Environment>
				<Variable name="WX_VER" value="28" />
				<Variable name="WX_LIB" value="lib" />
				<Variable name="WX_CFG" value="" />
			</Environment>
		</Build>
		<VirtualTargets>
			<Add alias="All (MAC)" targets="Mac Release;Mac Debug;" />
			<Add alias="All (UNIX)" targets="Unix Release;Unix Debug;" />
			<Add alias="All (WIN32)" targets="Win Release;Win Debug;" />
		</VirtualTargets>
		<Compiler>
			<Add option="-pipe" />
			<Add option="-mthreads" />
			<Add option="-fmessage-length=0" />
			<Add option="-fexceptions" />
			<Add option='-include &quot;wx_pch.h&quot;' />
			<Add option="-Winvalid-pch" />
			<Add option="-Wno-long-long" />
			<Add option="-DUSE_PCH" />
			<Add directory="$(#WX.include)" />
			<Add directory="$(#WX.lib)\gcc_$(WX_LIB)\$(WX_PLAT)$(WX_CFG)" />
			<Add directory="$(#WX)\contrib\include" />
			<Add directory=".\src" />
			<Add directory=".\res" />
		</Compiler>
		<ResourceCompiler>
			<Add directory="$(#WX.include)" />
			<Add directory=".\res" />
		</ResourceCompiler>
		<Linker>
			<Add option="-lwx$(WX_PLAT)$(WX_VER)$(WX_CFG)_xrc -lwx$(WX_PLAT)$(WX_VER)$(WX_CFG)_adv -lwx$(WX_PLAT)$(WX_VER)$(WX_CFG)_html -lwx$(WX_PLAT)$(WX_VER)$(WX_CFG)_core -lwxbase$(WX_VER)$(WX_CFG) -lwxbase$(WX_VER)$(WX_CFG)_net -lwxbase$(WX_VER)$(WX_CFG)_xml -lwxpng -lwxtiff -lwxjpeg -lwxzlib -lwxregex$(WX_CFG) -lwxexpat -mthreads" />
			<Add directory="$(#WX.lib)\gcc_$(WX_LIB)" />
			<Add directory="$(#WX.lib)\gcc_$(WX_LIB)\$(WX_PLAT)$(WX_CFG)" />
			<Add directory=".\res" />
		</Linker>
		<Unit filename="res\dlgconfig.xrc">
			<Option weight="0" />
		</Unit>
		<Unit filename="res\dlgmain.xrc">
			<Option weight="0" />
		</Unit>
		<Unit filename="res\dlgservers.xrc" />
		<Unit filename="res\odalaunch.rc">
			<Option compilerVar="WINDRES" />
			<Option target="Win Release" />
			<Option target="Win Debug" />
		</Unit>
		<Unit filename="res\resource.h">
			<Option target="Win Release" />
			<Option target="Win Debug" />
		</Unit>
		<Unit filename="res\xrc_resource.h" />
		<Unit filename="src\dlg_config.cpp">
			<Option virtualFolder="dialogs\" />
		</Unit>
		<Unit filename="src\dlg_config.h">
			<Option virtualFolder="dialogs\" />
		</Unit>
		<Unit filename="src\dlg_main.cpp">
			<Option virtualFolder="dialogs\" />
		</Unit>
		<Unit filename="src\dlg_main.h">
			<Option virtualFolder="dialogs\" />
		</Unit>
		<Unit filename="src\dlg_servers.cpp">
			<Option virtualFolder="dialogs\" />
		</Unit>
		<Unit filename="src\dlg_servers.h">
			<Option virtualFolder="dialogs\" />
		</Unit>
		<Unit filename="src\lst_custom.cpp" />
		<Unit filename="src\lst_custom.h" />
		<Unit filename="src\main.cpp" />
		<Unit filename="src\main.h" />
		<Unit filename="src\misc.cpp">
			<Option compilerVar="CC" />
		</Unit>
		<Unit filename="src\misc.h" />
		<Unit filename="src\net_io.cpp">
			<Option virtualFolder="network\" />
		</Unit>
		<Unit filename="src\net_io.h">
			<Option virtualFolder="network\" />
		</Unit>
		<Unit filename="src\net_packet.cpp">
			<Option virtualFolder="network\" />
		</Unit>
		<Unit filename="src\net_packet.h">
			<Option virtualFolder="network\" />
		</Unit>
		<Unit filename="src\wx_pch.h">
			<Option compile="1" />
			<Option weight="0" />
		</Unit>
		<Extensions>
			<code_completion />
		</Extensions>
	</Project>
</CodeBlocks_project_file>
